<?xml version="1.0" encoding="utf-8"?>
<Project ToolsVersion="4.0" xmlns="http://schemas.microsoft.com/developer/msbuild/2003">
  <ItemGroup>
    <Filter Include="资源文件">
      <UniqueIdentifier>{67DA6AB6-F800-4c08-8B7A-83BB121AAD01}</UniqueIdentifier>
      <Extensions>rc;ico;cur;bmp;dlg;rc2;rct;bin;rgs;gif;jpg;jpeg;jpe;resx;tiff;tif;png;wav;mfcribbon-ms</Extensions>
    </Filter>
    <Filter Include="Render">
      <UniqueIdentifier>{38d4e9ba-6597-41e6-9cc8-ec52a9e2da39}</UniqueIdentifier>
    </Filter>
    <Filter Include="FileOperation">
      <UniqueIdentifier>{2b4d4fa6-a652-4f33-8d52-2c2b3418c2b8}</UniqueIdentifier>
    </Filter>
    <Filter Include="Shader">
      <UniqueIdentifier>{5089b7d8-67e8-4ee5-9953-0e123569a65c}</UniqueIdentifier>
    </Filter>
    <Filter Include="Render\GraphicsCore">
      <UniqueIdentifier>{1ec0965f-34c1-46ad-8ea6-706cfdec3434}</UniqueIdentifier>
    </Filter>
    <Filter Include="Render\AnimationCore">
      <UniqueIdentifier>{4985d6ca-1a0a-4fbd-b9eb-63a69912676e}</UniqueIdentifier>
    </Filter>
    <Filter Include="FileOperation\Model">
      <UniqueIdentifier>{9f9fdb11-81b5-4d56-9a30-8fcfd01e4089}</UniqueIdentifier>
    </Filter>
    <Filter Include="FileOperation\Image">
      <UniqueIdentifier>{59c41db8-59b2-46a8-aefa-4f925befa657}</UniqueIdentifier>
    </Filter>
    <Filter Include="窗口相关类">
      <UniqueIdentifier>{f9cb7890-a7da-43f6-b835-4f33df2ceca1}</UniqueIdentifier>
    </Filter>
    <Filter Include="Engine">
      <UniqueIdentifier>{07196db5-1b6a-4480-8745-7384848aba7e}</UniqueIdentifier>
    </Filter>
    <Filter Include="编译环境相关">
      <UniqueIdentifier>{93995380-89BD-4b04-88EB-625FBE52EBFB}</UniqueIdentifier>
      <Extensions>h;hh;hpp;hxx;hm;inl;inc;xsd</Extensions>
    </Filter>
    <Filter Include="系统模块">
      <UniqueIdentifier>{4FC737F1-C7A5-4376-A066-2A32D752A2FF}</UniqueIdentifier>
      <Extensions>cpp;c;cc;cxx;def;odl;idl;hpj;bat;asm;asmx</Extensions>
    </Filter>
    <Filter Include="Engine\Script">
      <UniqueIdentifier>{b9b26ff6-afb8-4cc0-a0ef-1988a97cfac1}</UniqueIdentifier>
    </Filter>
  </ItemGroup>
  <ItemGroup>
    <ClInclude Include="targetver.h">
      <Filter>编译环境相关</Filter>
    </ClInclude>
    <ClInclude Include="Resource.h">
      <Filter>编译环境相关</Filter>
    </ClInclude>
    <ClInclude Include="Render\d3dx12.h">
      <Filter>Render</Filter>
    </ClInclude>
    <ClInclude Include="Render\DXSampleHelper.h">
      <Filter>Render</Filter>
    </ClInclude>
    <ClInclude Include="stdafx.h">
      <Filter>编译环境相关</Filter>
    </ClInclude>
    <ClInclude Include="GameInput.h">
      <Filter>系统模块</Filter>
    </ClInclude>
    <ClInclude Include="SystemTime.h">
      <Filter>系统模块</Filter>
    </ClInclude>
    <ClInclude Include="Render\EngineProfiling.h">
      <Filter>Render</Filter>
    </ClInclude>
    <ClInclude Include="Render\GpuTimeManager.h">
      <Filter>Render</Filter>
    </ClInclude>
    <ClInclude Include="Render\RenderObject.h">
      <Filter>Render</Filter>
    </ClInclude>
    <ClInclude Include="AnimationCore.h">
      <Filter>Render\AnimationCore</Filter>
    </ClInclude>
    <ClInclude Include="Render\BufferManager.h">
      <Filter>Render\GraphicsCore</Filter>
    </ClInclude>
    <ClInclude Include="Render\Color.h">
      <Filter>Render\GraphicsCore</Filter>
    </ClInclude>
    <ClInclude Include="Render\ColorBuffer.h">
      <Filter>Render\GraphicsCore</Filter>
    </ClInclude>
    <ClInclude Include="Render\CommandAllocatorPool.h">
      <Filter>Render\GraphicsCore</Filter>
    </ClInclude>
    <ClInclude Include="Render\CommandContext.h">
      <Filter>Render\GraphicsCore</Filter>
    </ClInclude>
    <ClInclude Include="Render\CommandListManager.h">
      <Filter>Render\GraphicsCore</Filter>
    </ClInclude>
    <ClInclude Include="Render\CommandSignature.h">
      <Filter>Render\GraphicsCore</Filter>
    </ClInclude>
    <ClInclude Include="Render\DepthBuffer.h">
      <Filter>Render\GraphicsCore</Filter>
    </ClInclude>
    <ClInclude Include="Render\DescriptorHeap.h">
      <Filter>Render\GraphicsCore</Filter>
    </ClInclude>
    <ClInclude Include="Render\DynamicDescriptorHeap.h">
      <Filter>Render\GraphicsCore</Filter>
    </ClInclude>
    <ClInclude Include="Render\PixelBuffer.h">
      <Filter>Render\GraphicsCore</Filter>
    </ClInclude>
    <ClInclude Include="Render\GraphicsCore.h">
      <Filter>Render\GraphicsCore</Filter>
    </ClInclude>
    <ClInclude Include="Render\ShadowBuffer.h">
      <Filter>Render\GraphicsCore</Filter>
    </ClInclude>
    <ClInclude Include="Render\RootSignature.h">
      <Filter>Render\GraphicsCore</Filter>
    </ClInclude>
    <ClInclude Include="Render\PipelineState.h">
      <Filter>Render\GraphicsCore</Filter>
    </ClInclude>
    <ClInclude Include="Render\LinearAllocator.h">
      <Filter>Render\GraphicsCore</Filter>
    </ClInclude>
    <ClInclude Include="Render\GpuBuffer.h">
      <Filter>Render\GraphicsCore</Filter>
    </ClInclude>
    <ClInclude Include="Render\SamplerManager.h">
      <Filter>Render\GraphicsCore</Filter>
    </ClInclude>
    <ClInclude Include="Render\GpuResource.h">
      <Filter>Render\GraphicsCore</Filter>
    </ClInclude>
    <ClInclude Include="EngineRuntime\GameObject.h">
      <Filter>Engine</Filter>
    </ClInclude>
    <ClInclude Include="EngineRuntime\Transform.h">
      <Filter>Engine</Filter>
    </ClInclude>
    <ClInclude Include="EngineRuntime\MeshRender.h">
      <Filter>Engine</Filter>
    </ClInclude>
    <ClInclude Include="EngineRuntime\Component.h">
      <Filter>Engine</Filter>
    </ClInclude>
    <ClInclude Include="RenderCore.h">
      <Filter>系统模块</Filter>
    </ClInclude>
    <ClInclude Include="Utility\Hash.h">
      <Filter>FileOperation</Filter>
    </ClInclude>
    <ClInclude Include="Utility\FileUtility.h">
      <Filter>FileOperation</Filter>
    </ClInclude>
    <ClInclude Include="Resource\Model.h">
      <Filter>FileOperation\Model</Filter>
    </ClInclude>
    <ClInclude Include="Resource\TextureManager.h">
      <Filter>FileOperation\Image</Filter>
    </ClInclude>
    <ClInclude Include="Resource\dds.h">
      <Filter>FileOperation\Image</Filter>
    </ClInclude>
    <ClInclude Include="Resource\DDSTextureLoader.h">
      <Filter>FileOperation\Image</Filter>
    </ClInclude>
    <ClInclude Include="Utility\Utility.h">
      <Filter>编译环境相关</Filter>
    </ClInclude>
    <ClInclude Include="EngineRuntime\Scene.h">
      <Filter>Engine</Filter>
    </ClInclude>
    <ClInclude Include="EngineRuntime\SceneManager.h">
      <Filter>Engine</Filter>
    </ClInclude>
    <ClInclude Include="EngineRuntime\SkinMeshRender.h">
      <Filter>Engine</Filter>
    </ClInclude>
    <ClInclude Include="ResourceManager.h">
      <Filter>系统模块</Filter>
    </ClInclude>
    <ClInclude Include="EngineRuntime\EditorComponent.h">
      <Filter>Engine</Filter>
    </ClInclude>
    <ClInclude Include="EngineRuntime\Render.h">
      <Filter>Engine</Filter>
    </ClInclude>
    <ClInclude Include="EngineRuntime\Animator.h">
      <Filter>Engine</Filter>
    </ClInclude>
    <ClInclude Include="Resource\ModelImport.h">
      <Filter>FileOperation\Model</Filter>
    </ClInclude>
    <ClInclude Include="EngineRuntime\EngineUtility.h">
      <Filter>Engine</Filter>
    </ClInclude>
    <ClInclude Include="Resource\Serialize.h">
      <Filter>FileOperation</Filter>
    </ClInclude>
    <ClInclude Include="Script\JSComponent.h">
      <Filter>Engine\Script</Filter>
    </ClInclude>
    <ClInclude Include="Script\LuaScript.h">
      <Filter>Engine\Script</Filter>
    </ClInclude>
    <ClInclude Include="Script\ScriptManager.h">
      <Filter>Engine\Script</Filter>
    </ClInclude>
    <ClInclude Include="WellPlayMain.h">
      <Filter>系统模块</Filter>
    </ClInclude>
    <ClInclude Include="EngineTuning.h">
      <Filter>窗口相关类</Filter>
    </ClInclude>
    <ClInclude Include="EngineCallBack.h">
      <Filter>系统模块</Filter>
    </ClInclude>
  </ItemGroup>
  <ItemGroup>
    <ClCompile Include="WellPlayMain.cpp">
      <Filter>系统模块</Filter>
    </ClCompile>
    <ClCompile Include="GameInput.cpp">
      <Filter>系统模块</Filter>
    </ClCompile>
    <ClCompile Include="SystemTime.cpp">
      <Filter>系统模块</Filter>
    </ClCompile>
    <ClCompile Include="Render\EngineProfiling.cpp">
      <Filter>Render</Filter>
    </ClCompile>
    <ClCompile Include="Render\GpuTimeManager.cpp">
      <Filter>Render</Filter>
    </ClCompile>
    <ClCompile Include="AnimationCore.cpp">
      <Filter>Render\AnimationCore</Filter>
    </ClCompile>
    <ClCompile Include="Render\BufferManager.cpp">
      <Filter>Render\GraphicsCore</Filter>
    </ClCompile>
    <ClCompile Include="Render\ColorBuffer.cpp">
      <Filter>Render\GraphicsCore</Filter>
    </ClCompile>
    <ClCompile Include="Render\CommandAllocatorPool.cpp">
      <Filter>Render\GraphicsCore</Filter>
    </ClCompile>
    <ClCompile Include="Render\CommandContext.cpp">
      <Filter>Render\GraphicsCore</Filter>
    </ClCompile>
    <ClCompile Include="Render\CommandListManager.cpp">
      <Filter>Render\GraphicsCore</Filter>
    </ClCompile>
    <ClCompile Include="Render\CommandSignature.cpp">
      <Filter>Render\GraphicsCore</Filter>
    </ClCompile>
    <ClCompile Include="Render\DepthBuffer.cpp">
      <Filter>Render\GraphicsCore</Filter>
    </ClCompile>
    <ClCompile Include="Render\DescriptorHeap.cpp">
      <Filter>Render\GraphicsCore</Filter>
    </ClCompile>
    <ClCompile Include="Render\DynamicDescriptorHeap.cpp">
      <Filter>Render\GraphicsCore</Filter>
    </ClCompile>
    <ClCompile Include="Render\PixelBuffer.cpp">
      <Filter>Render\GraphicsCore</Filter>
    </ClCompile>
    <ClCompile Include="Render\GraphicsCore.cpp">
      <Filter>Render\GraphicsCore</Filter>
    </ClCompile>
    <ClCompile Include="Render\ShadowBuffer.cpp">
      <Filter>Render\GraphicsCore</Filter>
    </ClCompile>
    <ClCompile Include="Render\RootSignature.cpp">
      <Filter>Render\GraphicsCore</Filter>
    </ClCompile>
    <ClCompile Include="Render\LinearAllocator.cpp">
      <Filter>Render\GraphicsCore</Filter>
    </ClCompile>
    <ClCompile Include="Render\PipelineState.cpp">
      <Filter>Render\GraphicsCore</Filter>
    </ClCompile>
    <ClCompile Include="Render\GpuBuffer.cpp">
      <Filter>Render\GraphicsCore</Filter>
    </ClCompile>
    <ClCompile Include="Render\SamplerManager.cpp">
      <Filter>Render\GraphicsCore</Filter>
    </ClCompile>
    <ClCompile Include="EngineRuntime\GameObject.cpp">
      <Filter>Engine</Filter>
    </ClCompile>
    <ClCompile Include="EngineRuntime\Transform.cpp">
      <Filter>Engine</Filter>
    </ClCompile>
    <ClCompile Include="EngineRuntime\MeshRender.cpp">
      <Filter>Engine</Filter>
    </ClCompile>
    <ClCompile Include="EngineRuntime\Component.cpp">
      <Filter>Engine</Filter>
    </ClCompile>
    <ClCompile Include="stdafx.cpp">
      <Filter>编译环境相关</Filter>
    </ClCompile>
    <ClCompile Include="RenderCore.cpp">
      <Filter>系统模块</Filter>
    </ClCompile>
    <ClCompile Include="Utility\FileUtility.cpp">
      <Filter>FileOperation</Filter>
    </ClCompile>
    <ClCompile Include="Resource\TextureManager.cpp">
      <Filter>FileOperation\Image</Filter>
    </ClCompile>
    <ClCompile Include="Resource\DDSTextureLoader.cpp">
      <Filter>FileOperation\Image</Filter>
    </ClCompile>
    <ClCompile Include="Utility\Utility.cpp">
      <Filter>编译环境相关</Filter>
    </ClCompile>
    <ClCompile Include="EngineRuntime\Scene.cpp">
      <Filter>Engine</Filter>
    </ClCompile>
    <ClCompile Include="EngineRuntime\SceneManager.cpp">
      <Filter>Engine</Filter>
    </ClCompile>
    <ClCompile Include="EngineRuntime\SkinMeshRender.cpp">
      <Filter>Engine</Filter>
    </ClCompile>
    <ClCompile Include="ResourceManager.cpp">
      <Filter>系统模块</Filter>
    </ClCompile>
    <ClCompile Include="EngineRuntime\EditorComponent.cpp">
      <Filter>Engine</Filter>
    </ClCompile>
    <ClCompile Include="EngineRuntime\Render.cpp">
      <Filter>Engine</Filter>
    </ClCompile>
    <ClCompile Include="EngineRuntime\Animator.cpp">
      <Filter>Engine</Filter>
    </ClCompile>
    <ClCompile Include="Resource\ModelImport.cpp">
      <Filter>FileOperation\Model</Filter>
    </ClCompile>
    <ClCompile Include="EngineRuntime\EngineUtility.cpp">
      <Filter>Engine</Filter>
    </ClCompile>
    <ClCompile Include="Resource\Serialize.cpp">
      <Filter>FileOperation</Filter>
    </ClCompile>
    <ClCompile Include="Script\JSComponent.cpp">
      <Filter>Engine\Script</Filter>
    </ClCompile>
    <ClCompile Include="Script\LuaScript.cpp">
      <Filter>Engine\Script</Filter>
    </ClCompile>
    <ClCompile Include="Script\ScriptManager.cpp">
      <Filter>Engine\Script</Filter>
    </ClCompile>
    <ClCompile Include="EngineTuning.cpp">
      <Filter>窗口相关类</Filter>
    </ClCompile>
  </ItemGroup>
  <ItemGroup>
    <CustomBuild Include="postShaders.hlsl">
      <Filter>Shader</Filter>
    </CustomBuild>
  </ItemGroup>
  <ItemGroup>
    <Text Include="..\3rd\第三方开源库.txt" />
  </ItemGroup>
  <ItemGroup>
    <FxCompile Include="Shaders\SamplePixelShader.hlsl">
      <Filter>Shader</Filter>
    </FxCompile>
    <FxCompile Include="Shaders\SampleVertexShader.hlsl">
      <Filter>Shader</Filter>
    </FxCompile>
  </ItemGroup>
</Project>