<?xml version="1.0" encoding="utf-8"?>
<Project ToolsVersion="4.0" xmlns="http://schemas.microsoft.com/developer/msbuild/2003">
  <ItemGroup>
    <Filter Include="Generated Files">
      <UniqueIdentifier>{71ED8ED8-ACB9-4CE9-BBE1-E00B30144E11}</UniqueIdentifier>
      <Extensions>moc;h;cpp</Extensions>
      <SourceControlFiles>False</SourceControlFiles>
    </Filter>
    <Filter Include="Generated Files\Release">
      <UniqueIdentifier>{72a912af-484d-4178-8549-fcc7f0afdcaf}</UniqueIdentifier>
      <Extensions>cpp;moc</Extensions>
      <SourceControlFiles>False</SourceControlFiles>
    </Filter>
    <Filter Include="窗口布局">
      <UniqueIdentifier>{99349809-55BA-4b9d-BF79-8FDBB0286EB3}</UniqueIdentifier>
      <Extensions>ui</Extensions>
    </Filter>
    <Filter Include="资源文件">
      <UniqueIdentifier>{D9D6E242-F8AF-46E4-B9FD-80ECBC20BA3E}</UniqueIdentifier>
      <Extensions>qrc;*</Extensions>
      <ParseFiles>false</ParseFiles>
    </Filter>
    <Filter Include="窗口代码">
      <UniqueIdentifier>{93995380-89BD-4b04-88EB-625FBE52EBFB}</UniqueIdentifier>
      <Extensions>h</Extensions>
    </Filter>
    <Filter Include="main">
      <UniqueIdentifier>{4FC737F1-C7A5-4376-A066-2A32D752A2FF}</UniqueIdentifier>
      <Extensions>cpp;cxx;c;def</Extensions>
    </Filter>
    <Filter Include="窗口控制">
      <UniqueIdentifier>{448e93d5-1cb2-4af1-9c34-a775cf81b455}</UniqueIdentifier>
    </Filter>
    <Filter Include="组件控件">
      <UniqueIdentifier>{6c2acb15-d07a-495e-8501-0a6d84846e08}</UniqueIdentifier>
    </Filter>
    <Filter Include="组件控件\变量设置控件">
      <UniqueIdentifier>{9c91b65a-37ac-44c6-ac3a-4e530906e379}</UniqueIdentifier>
    </Filter>
    <Filter Include="Generated Files\Debug">
      <UniqueIdentifier>{90692e17-3ef8-4f60-9c60-fdcf672ce127}</UniqueIdentifier>
      <Extensions>cpp;moc</Extensions>
      <SourceControlFiles>False</SourceControlFiles>
    </Filter>
  </ItemGroup>
  <ItemGroup>
    <CustomBuild Include="Resources\mainwindow.ui">
      <Filter>窗口布局</Filter>
    </CustomBuild>
    <CustomBuild Include="Resources\projectchoose.ui">
      <Filter>窗口布局</Filter>
    </CustomBuild>
    <CustomBuild Include="Resources\mainwindow.h">
      <Filter>窗口代码</Filter>
    </CustomBuild>
    <CustomBuild Include="Resources\projectchoose.h">
      <Filter>窗口代码</Filter>
    </CustomBuild>
    <CustomBuild Include="Resources\qdarkstyle\style.qrc">
      <Filter>资源文件</Filter>
    </CustomBuild>
    <CustomBuild Include="SceneModel.h">
      <Filter>窗口控制</Filter>
    </CustomBuild>
    <CustomBuild Include="SceneTreeControll.h">
      <Filter>窗口控制</Filter>
    </CustomBuild>
    <CustomBuild Include="Control\transfromcontrol.ui">
      <Filter>窗口布局</Filter>
    </CustomBuild>
    <CustomBuild Include="Control\gocontrol.ui">
      <Filter>窗口布局</Filter>
    </CustomBuild>
    <CustomBuild Include="Control\combase.ui">
      <Filter>窗口布局</Filter>
    </CustomBuild>
    <CustomBuild Include="Control\combase.h">
      <Filter>组件控件</Filter>
    </CustomBuild>
    <CustomBuild Include="Control\gocontrol.h">
      <Filter>组件控件</Filter>
    </CustomBuild>
    <CustomBuild Include="Control\transfromcontrol.h">
      <Filter>组件控件</Filter>
    </CustomBuild>
    <CustomBuild Include="ComponentViewControll.h">
      <Filter>窗口控制</Filter>
    </CustomBuild>
    <CustomBuild Include="LogViewControll.h">
      <Filter>窗口控制</Filter>
    </CustomBuild>
    <CustomBuild Include="Wnd\settingwnd.ui">
      <Filter>窗口布局</Filter>
    </CustomBuild>
    <CustomBuild Include="Wnd\settingwnd.h">
      <Filter>窗口控制</Filter>
    </CustomBuild>
    <CustomBuild Include="Control\settingfloat.ui">
      <Filter>窗口布局</Filter>
    </CustomBuild>
    <CustomBuild Include="SettingWrapper.hpp">
      <Filter>组件控件\变量设置控件</Filter>
    </CustomBuild>
    <CustomBuild Include="Control\settingarithmetic.h">
      <Filter>组件控件\变量设置控件</Filter>
    </CustomBuild>
    <CustomBuild Include="settingbool.h">
      <Filter>组件控件\变量设置控件</Filter>
    </CustomBuild>
    <CustomBuild Include="settingenum.h">
      <Filter>组件控件\变量设置控件</Filter>
    </CustomBuild>
    <CustomBuild Include="settingstring.h">
      <Filter>组件控件\变量设置控件</Filter>
    </CustomBuild>
  </ItemGroup>
  <ItemGroup>
    <ClInclude Include="GeneratedFiles\ui_mainwindow.h">
      <Filter>Generated Files</Filter>
    </ClInclude>
    <ClInclude Include="GeneratedFiles\ui_projectchoose.h">
      <Filter>Generated Files</Filter>
    </ClInclude>
    <ClInclude Include="GeneratedFiles\ui_transfromcontrol.h">
      <Filter>Generated Files</Filter>
    </ClInclude>
    <ClInclude Include="GeneratedFiles\ui_gocontrol.h">
      <Filter>Generated Files</Filter>
    </ClInclude>
    <ClInclude Include="GeneratedFiles\ui_combase.h">
      <Filter>Generated Files</Filter>
    </ClInclude>
    <ClInclude Include="Setting.h">
      <Filter>main</Filter>
    </ClInclude>
    <ClInclude Include="GeneratedFiles\ui_settingwnd.h">
      <Filter>Generated Files</Filter>
    </ClInclude>
    <ClInclude Include="GeneratedFiles\ui_settingfloat.h">
      <Filter>Generated Files</Filter>
    </ClInclude>
    <ClInclude Include="EditorUtility.h">
      <Filter>main</Filter>
    </ClInclude>
  </ItemGroup>
  <ItemGroup>
    <ClCompile Include="GeneratedFiles\Debug\moc_mainwindow.cpp">
      <Filter>Generated Files\Debug</Filter>
    </ClCompile>
    <ClCompile Include="GeneratedFiles\Release\moc_mainwindow.cpp">
      <Filter>Generated Files\Release</Filter>
    </ClCompile>
    <ClCompile Include="GeneratedFiles\Debug\moc_projectchoose.cpp">
      <Filter>Generated Files\Debug</Filter>
    </ClCompile>
    <ClCompile Include="GeneratedFiles\Release\moc_projectchoose.cpp">
      <Filter>Generated Files\Release</Filter>
    </ClCompile>
    <ClCompile Include="Resources\main.cpp">
      <Filter>main</Filter>
    </ClCompile>
    <ClCompile Include="GeneratedFiles\qrc_style.cpp">
      <Filter>Generated Files</Filter>
    </ClCompile>
    <ClCompile Include="GeneratedFiles\Debug\moc_SceneModel.cpp">
      <Filter>Generated Files\Debug</Filter>
    </ClCompile>
    <ClCompile Include="GeneratedFiles\Release\moc_SceneModel.cpp">
      <Filter>Generated Files\Release</Filter>
    </ClCompile>
    <ClCompile Include="Resources\mainwindow.cpp">
      <Filter>窗口代码</Filter>
    </ClCompile>
    <ClCompile Include="Resources\projectchoose.cpp">
      <Filter>窗口代码</Filter>
    </ClCompile>
    <ClCompile Include="SceneModel.cpp">
      <Filter>窗口控制</Filter>
    </ClCompile>
    <ClCompile Include="SceneTreeControll.cpp">
      <Filter>窗口控制</Filter>
    </ClCompile>
    <ClCompile Include="GeneratedFiles\Debug\moc_SceneTreeControll.cpp">
      <Filter>Generated Files\Debug</Filter>
    </ClCompile>
    <ClCompile Include="GeneratedFiles\Release\moc_SceneTreeControll.cpp">
      <Filter>Generated Files\Release</Filter>
    </ClCompile>
    <ClCompile Include="Control\combase.cpp">
      <Filter>组件控件</Filter>
    </ClCompile>
    <ClCompile Include="GeneratedFiles\Debug\moc_combase.cpp">
      <Filter>Generated Files\Debug</Filter>
    </ClCompile>
    <ClCompile Include="GeneratedFiles\Release\moc_combase.cpp">
      <Filter>Generated Files\Release</Filter>
    </ClCompile>
    <ClCompile Include="Control\gocontrol.cpp">
      <Filter>组件控件</Filter>
    </ClCompile>
    <ClCompile Include="GeneratedFiles\Debug\moc_gocontrol.cpp">
      <Filter>Generated Files\Debug</Filter>
    </ClCompile>
    <ClCompile Include="GeneratedFiles\Release\moc_gocontrol.cpp">
      <Filter>Generated Files\Release</Filter>
    </ClCompile>
    <ClCompile Include="Control\transfromcontrol.cpp">
      <Filter>组件控件</Filter>
    </ClCompile>
    <ClCompile Include="GeneratedFiles\Debug\moc_transfromcontrol.cpp">
      <Filter>Generated Files\Debug</Filter>
    </ClCompile>
    <ClCompile Include="GeneratedFiles\Release\moc_transfromcontrol.cpp">
      <Filter>Generated Files\Release</Filter>
    </ClCompile>
    <ClCompile Include="ComponentViewControll.cpp">
      <Filter>窗口控制</Filter>
    </ClCompile>
    <ClCompile Include="GeneratedFiles\Debug\moc_ComponentViewControll.cpp">
      <Filter>Generated Files\Debug</Filter>
    </ClCompile>
    <ClCompile Include="GeneratedFiles\Release\moc_ComponentViewControll.cpp">
      <Filter>Generated Files\Release</Filter>
    </ClCompile>
    <ClCompile Include="LogViewControll.cpp">
      <Filter>窗口控制</Filter>
    </ClCompile>
    <ClCompile Include="GeneratedFiles\Debug\moc_LogViewControll.cpp">
      <Filter>Generated Files\Debug</Filter>
    </ClCompile>
    <ClCompile Include="GeneratedFiles\Release\moc_LogViewControll.cpp">
      <Filter>Generated Files\Release</Filter>
    </ClCompile>
    <ClCompile Include="Setting.cpp">
      <Filter>main</Filter>
    </ClCompile>
    <ClCompile Include="Wnd\settingwnd.cpp">
      <Filter>窗口控制</Filter>
    </ClCompile>
    <ClCompile Include="GeneratedFiles\Debug\moc_settingwnd.cpp">
      <Filter>Generated Files\Debug</Filter>
    </ClCompile>
    <ClCompile Include="GeneratedFiles\Release\moc_settingwnd.cpp">
      <Filter>Generated Files\Release</Filter>
    </ClCompile>
    <ClCompile Include="EditorUtility.cpp">
      <Filter>main</Filter>
    </ClCompile>
    <ClCompile Include="SettingWrapper.cpp">
      <Filter>组件控件\变量设置控件</Filter>
    </ClCompile>
    <ClCompile Include="GeneratedFiles\Debug\moc_SettingWrapper.cpp">
      <Filter>Generated Files\Debug</Filter>
    </ClCompile>
    <ClCompile Include="GeneratedFiles\Release\moc_SettingWrapper.cpp">
      <Filter>Generated Files\Release</Filter>
    </ClCompile>
    <ClCompile Include="Control\settingarithmetic.cpp">
      <Filter>组件控件\变量设置控件</Filter>
    </ClCompile>
    <ClCompile Include="GeneratedFiles\Debug\moc_settingarithmetic.cpp">
      <Filter>Generated Files\Debug</Filter>
    </ClCompile>
    <ClCompile Include="GeneratedFiles\Release\moc_settingarithmetic.cpp">
      <Filter>Generated Files\Release</Filter>
    </ClCompile>
    <ClCompile Include="settingbool.cpp">
      <Filter>组件控件\变量设置控件</Filter>
    </ClCompile>
    <ClCompile Include="GeneratedFiles\Debug\moc_settingbool.cpp">
      <Filter>Generated Files\Debug</Filter>
    </ClCompile>
    <ClCompile Include="GeneratedFiles\Release\moc_settingbool.cpp">
      <Filter>Generated Files\Release</Filter>
    </ClCompile>
    <ClCompile Include="settingenum.cpp">
      <Filter>组件控件\变量设置控件</Filter>
    </ClCompile>
    <ClCompile Include="GeneratedFiles\Debug\moc_settingenum.cpp">
      <Filter>Generated Files\Debug</Filter>
    </ClCompile>
    <ClCompile Include="GeneratedFiles\Release\moc_settingenum.cpp">
      <Filter>Generated Files\Release</Filter>
    </ClCompile>
    <ClCompile Include="settingstring.cpp">
      <Filter>组件控件\变量设置控件</Filter>
    </ClCompile>
    <ClCompile Include="GeneratedFiles\Debug\moc_settingstring.cpp">
      <Filter>Generated Files\Debug</Filter>
    </ClCompile>
    <ClCompile Include="GeneratedFiles\Release\moc_settingstring.cpp">
      <Filter>Generated Files\Release</Filter>
    </ClCompile>
  </ItemGroup>
</Project>